// !$*UTF8*$!
{
	archiveVersion = 1;
	classes = {
	};
	objectVersion = 77;
	objects = {

/* Begin PBXBuildFile section */
		0F2AA4E22DE1CA3400A813BE /* Preview Assets.xcassets in Resources */ = {isa = PBXBuildFile; fileRef = 0F2AA4DC2DE1CA3400A813BE /* Preview Assets.xcassets */; };
		0F2AA4E32DE1CA3400A813BE /* Assets.xcassets in Resources */ = {isa = PBXBuildFile; fileRef = 0F2AA4DE2DE1CA3400A813BE /* Assets.xcassets */; };
		0F2AA4E52DE1CA3400A813BE /* HeaderCollapseApp.swift in Sources */ = {isa = PBXBuildFile; fileRef = 0F2AA4E02DE1CA3400A813BE /* HeaderCollapseApp.swift */; };
		0F2AA4F02DE1CA5A00A813BE /* FeedPostsView.swift in Sources */ = {isa = PBXBuildFile; fileRef = 0F2AA4EC2DE1CA5A00A813BE /* FeedPostsView.swift */; };
		0F2AA4F12DE1CA5A00A813BE /* CommunityTabItemView.swift in Sources */ = {isa = PBXBuildFile; fileRef = 0F2AA4E62DE1CA5A00A813BE /* CommunityTabItemView.swift */; };
		0F2AA4F22DE1CA5A00A813BE /* MelpotFeedView.swift in Sources */ = {isa = PBXBuildFile; fileRef = 0F2AA4ED2DE1CA5A00A813BE /* MelpotFeedView.swift */; };
		0F2AA4F32DE1CA5A00A813BE /* FeedNavigationBar.swift in Sources */ = {isa = PBXBuildFile; fileRef = 0F2AA4EB2DE1CA5A00A813BE /* FeedNavigationBar.swift */; };
		0F2AA4F42DE1CA5A00A813BE /* CommunityTabsView.swift in Sources */ = {isa = PBXBuildFile; fileRef = 0F2AA4E72DE1CA5A00A813BE /* CommunityTabsView.swift */; };
		0F2AA4F52DE1CA5A00A813BE /* ResizableHeaderScrollView.swift in Sources */ = {isa = PBXBuildFile; fileRef = 0F2AA4E92DE1CA5A00A813BE /* ResizableHeaderScrollView.swift */; };
		0F37610E2DE32AAE00982D49 /* Community.swift in Sources */ = {isa = PBXBuildFile; fileRef = 0F37610D2DE32AAE00982D49 /* Community.swift */; };
		0F3761102DE3871F00982D49 /* CommunityServiceProtocol.swift in Sources */ = {isa = PBXBuildFile; fileRef = 0F37610F2DE3871F00982D49 /* CommunityServiceProtocol.swift */; };
		0F37611C2DE389D800982D49 /* community-page-1.json in Resources */ = {isa = PBXBuildFile; fileRef = 0F3761112DE389D800982D49 /* community-page-1.json */; };
		0F37611D2DE389D800982D49 /* community-page-6.json in Resources */ = {isa = PBXBuildFile; fileRef = 0F3761162DE389D800982D49 /* community-page-6.json */; };
		0F37611E2DE389D800982D49 /* community-page-4.json in Resources */ = {isa = PBXBuildFile; fileRef = 0F3761142DE389D800982D49 /* community-page-4.json */; };
		0F37611F2DE389D800982D49 /* community-page-10.json in Resources */ = {isa = PBXBuildFile; fileRef = 0F37611A2DE389D800982D49 /* community-page-10.json */; };
		0F3761202DE389D800982D49 /* community-page-9.json in Resources */ = {isa = PBXBuildFile; fileRef = 0F3761192DE389D800982D49 /* community-page-9.json */; };
		0F3761212DE389D800982D49 /* community-page-3.json in Resources */ = {isa = PBXBuildFile; fileRef = 0F3761132DE389D800982D49 /* community-page-3.json */; };
		0F3761222DE389D800982D49 /* community-page-2.json in Resources */ = {isa = PBXBuildFile; fileRef = 0F3761122DE389D800982D49 /* community-page-2.json */; };
		0F3761232DE389D800982D49 /* community-page-8.json in Resources */ = {isa = PBXBuildFile; fileRef = 0F3761182DE389D800982D49 /* community-page-8.json */; };
		0F3761242DE389D800982D49 /* community-page-5.json in Resources */ = {isa = PBXBuildFile; fileRef = 0F3761152DE389D800982D49 /* community-page-5.json */; };
		0F3761252DE389D800982D49 /* community-page-7.json in Resources */ = {isa = PBXBuildFile; fileRef = 0F3761172DE389D800982D49 /* community-page-7.json */; };
/* End PBXBuildFile section */

/* Begin PBXFileReference section */
		0F2AA4CB2DE1CA2A00A813BE /* HeaderCollapse.app */ = {isa = PBXFileReference; explicitFileType = wrapper.application; includeInIndex = 0; path = HeaderCollapse.app; sourceTree = BUILT_PRODUCTS_DIR; };
		0F2AA4DC2DE1CA3400A813BE /* Preview Assets.xcassets */ = {isa = PBXFileReference; lastKnownFileType = folder.assetcatalog; path = "Preview Assets.xcassets"; sourceTree = "<group>"; };
		0F2AA4DE2DE1CA3400A813BE /* Assets.xcassets */ = {isa = PBXFileReference; lastKnownFileType = folder.assetcatalog; path = Assets.xcassets; sourceTree = "<group>"; };
		0F2AA4E02DE1CA3400A813BE /* HeaderCollapseApp.swift */ = {isa = PBXFileReference; lastKnownFileType = sourcecode.swift; path = HeaderCollapseApp.swift; sourceTree = "<group>"; };
		0F2AA4E62DE1CA5A00A813BE /* CommunityTabItemView.swift */ = {isa = PBXFileReference; lastKnownFileType = sourcecode.swift; path = CommunityTabItemView.swift; sourceTree = "<group>"; };
		0F2AA4E72DE1CA5A00A813BE /* CommunityTabsView.swift */ = {isa = PBXFileReference; lastKnownFileType = sourcecode.swift; path = CommunityTabsView.swift; sourceTree = "<group>"; };
		0F2AA4E92DE1CA5A00A813BE /* ResizableHeaderScrollView.swift */ = {isa = PBXFileReference; lastKnownFileType = sourcecode.swift; path = ResizableHeaderScrollView.swift; sourceTree = "<group>"; };
		0F2AA4EB2DE1CA5A00A813BE /* FeedNavigationBar.swift */ = {isa = PBXFileReference; lastKnownFileType = sourcecode.swift; path = FeedNavigationBar.swift; sourceTree = "<group>"; };
		0F2AA4EC2DE1CA5A00A813BE /* FeedPostsView.swift */ = {isa = PBXFileReference; lastKnownFileType = sourcecode.swift; path = FeedPostsView.swift; sourceTree = "<group>"; };
		0F2AA4ED2DE1CA5A00A813BE /* MelpotFeedView.swift */ = {isa = PBXFileReference; lastKnownFileType = sourcecode.swift; path = MelpotFeedView.swift; sourceTree = "<group>"; };
		0F37610D2DE32AAE00982D49 /* Community.swift */ = {isa = PBXFileReference; lastKnownFileType = sourcecode.swift; path = Community.swift; sourceTree = "<group>"; };
		0F37610F2DE3871F00982D49 /* CommunityServiceProtocol.swift */ = {isa = PBXFileReference; lastKnownFileType = sourcecode.swift; path = CommunityServiceProtocol.swift; sourceTree = "<group>"; };
		0F3761112DE389D800982D49 /* community-page-1.json */ = {isa = PBXFileReference; lastKnownFileType = text.json; path = "community-page-1.json"; sourceTree = "<group>"; };
		0F3761122DE389D800982D49 /* community-page-2.json */ = {isa = PBXFileReference; lastKnownFileType = text.json; path = "community-page-2.json"; sourceTree = "<group>"; };
		0F3761132DE389D800982D49 /* community-page-3.json */ = {isa = PBXFileReference; lastKnownFileType = text.json; path = "community-page-3.json"; sourceTree = "<group>"; };
		0F3761142DE389D800982D49 /* community-page-4.json */ = {isa = PBXFileReference; lastKnownFileType = text.json; path = "community-page-4.json"; sourceTree = "<group>"; };
		0F3761152DE389D800982D49 /* community-page-5.json */ = {isa = PBXFileReference; lastKnownFileType = text.json; path = "community-page-5.json"; sourceTree = "<group>"; };
		0F3761162DE389D800982D49 /* community-page-6.json */ = {isa = PBXFileReference; lastKnownFileType = text.json; path = "community-page-6.json"; sourceTree = "<group>"; };
		0F3761172DE389D800982D49 /* community-page-7.json */ = {isa = PBXFileReference; lastKnownFileType = text.json; path = "community-page-7.json"; sourceTree = "<group>"; };
		0F3761182DE389D800982D49 /* community-page-8.json */ = {isa = PBXFileReference; lastKnownFileType = text.json; path = "community-page-8.json"; sourceTree = "<group>"; };
		0F3761192DE389D800982D49 /* community-page-9.json */ = {isa = PBXFileReference; lastKnownFileType = text.json; path = "community-page-9.json"; sourceTree = "<group>"; };
		0F37611A2DE389D800982D49 /* community-page-10.json */ = {isa = PBXFileReference; lastKnownFileType = text.json; path = "community-page-10.json"; sourceTree = "<group>"; };
/* End PBXFileReference section */

/* Begin PBXFrameworksBuildPhase section */
		0F2AA4C82DE1CA2A00A813BE /* Frameworks */ = {
			isa = PBXFrameworksBuildPhase;
			buildActionMask = 2147483647;
			files = (
			);
			runOnlyForDeploymentPostprocessing = 0;
		};
/* End PBXFrameworksBuildPhase section */

/* Begin PBXGroup section */
		0F2AA4C22DE1CA2A00A813BE = {
			isa = PBXGroup;
			children = (
				0F2AA4E12DE1CA3400A813BE /* HeaderCollapse */,
				0F2AA4CC2DE1CA2A00A813BE /* Products */,
			);
			sourceTree = "<group>";
		};
		0F2AA4CC2DE1CA2A00A813BE /* Products */ = {
			isa = PBXGroup;
			children = (
				0F2AA4CB2DE1CA2A00A813BE /* HeaderCollapse.app */,
			);
			name = Products;
			sourceTree = "<group>";
		};
		0F2AA4DD2DE1CA3400A813BE /* Preview Content */ = {
			isa = PBXGroup;
			children = (
				0F2AA4DC2DE1CA3400A813BE /* Preview Assets.xcassets */,
			);
			path = "Preview Content";
			sourceTree = "<group>";
		};
		0F2AA4E12DE1CA3400A813BE /* HeaderCollapse */ = {
			isa = PBXGroup;
			children = (
				0F2AA4DD2DE1CA3400A813BE /* Preview Content */,
				0F2AA4DE2DE1CA3400A813BE /* Assets.xcassets */,
				0F2AA4E02DE1CA3400A813BE /* HeaderCollapseApp.swift */,
				0F2AA4EF2DE1CA5A00A813BE /* Views */,
			);
			path = HeaderCollapse;
			sourceTree = "<group>";
		};
		0F2AA4E82DE1CA5A00A813BE /* CommunityHeader */ = {
			isa = PBXGroup;
			children = (
				0F2AA4E62DE1CA5A00A813BE /* CommunityTabItemView.swift */,
				0F37610D2DE32AAE00982D49 /* Community.swift */,
				0F37610F2DE3871F00982D49 /* CommunityServiceProtocol.swift */,
				0F2AA4E72DE1CA5A00A813BE /* CommunityTabsView.swift */,
			);
			path = CommunityHeader;
			sourceTree = "<group>";
		};
		0F2AA4EA2DE1CA5A00A813BE /* Components */ = {
			isa = PBXGroup;
			children = (
				0F2AA4E92DE1CA5A00A813BE /* ResizableHeaderScrollView.swift */,
			);
			path = Components;
			sourceTree = "<group>";
		};
		0F2AA4EE2DE1CA5A00A813BE /* Feed */ = {
			isa = PBXGroup;
			children = (
				0F2AA4EB2DE1CA5A00A813BE /* FeedNavigationBar.swift */,
				0F2AA4EC2DE1CA5A00A813BE /* FeedPostsView.swift */,
				0F2AA4ED2DE1CA5A00A813BE /* MelpotFeedView.swift */,
			);
			path = Feed;
			sourceTree = "<group>";
		};
		0F2AA4EF2DE1CA5A00A813BE /* Views */ = {
			isa = PBXGroup;
			children = (
				0F37611B2DE389D800982D49 /* communityJson */,
				0F2AA4E82DE1CA5A00A813BE /* CommunityHeader */,
				0F2AA4EA2DE1CA5A00A813BE /* Components */,
				0F2AA4EE2DE1CA5A00A813BE /* Feed */,
			);
			path = Views;
			sourceTree = "<group>";
		};
		0F37611B2DE389D800982D49 /* communityJson */ = {
			isa = PBXGroup;
			children = (
				0F3761112DE389D800982D49 /* community-page-1.json */,
				0F3761122DE389D800982D49 /* community-page-2.json */,
				0F3761132DE389D800982D49 /* community-page-3.json */,
				0F3761142DE389D800982D49 /* community-page-4.json */,
				0F3761152DE389D800982D49 /* community-page-5.json */,
				0F3761162DE389D800982D49 /* community-page-6.json */,
				0F3761172DE389D800982D49 /* community-page-7.json */,
				0F3761182DE389D800982D49 /* community-page-8.json */,
				0F3761192DE389D800982D49 /* community-page-9.json */,
				0F37611A2DE389D800982D49 /* community-page-10.json */,
			);
			path = communityJson;
			sourceTree = "<group>";
		};
/* End PBXGroup section */

/* Begin PBXNativeTarget section */
		0F2AA4CA2DE1CA2A00A813BE /* HeaderCollapse */ = {
			isa = PBXNativeTarget;
			buildConfigurationList = 0F2AA4D92DE1CA2B00A813BE /* Build configuration list for PBXNativeTarget "HeaderCollapse" */;
			buildPhases = (
				0F2AA4C72DE1CA2A00A813BE /* Sources */,
				0F2AA4C82DE1CA2A00A813BE /* Frameworks */,
				0F2AA4C92DE1CA2A00A813BE /* Resources */,
			);
			buildRules = (
			);
			dependencies = (
			);
			name = HeaderCollapse;
			packageProductDependencies = (
			);
			productName = HeaderCollapse;
			productReference = 0F2AA4CB2DE1CA2A00A813BE /* HeaderCollapse.app */;
			productType = "com.apple.product-type.application";
		};
/* End PBXNativeTarget section */

/* Begin PBXProject section */
		0F2AA4C32DE1CA2A00A813BE /* Project object */ = {
			isa = PBXProject;
			attributes = {
				BuildIndependentTargetsInParallel = 1;
				LastSwiftUpdateCheck = 1610;
				LastUpgradeCheck = 1610;
				TargetAttributes = {
					0F2AA4CA2DE1CA2A00A813BE = {
						CreatedOnToolsVersion = 16.1;
					};
				};
			};
			buildConfigurationList = 0F2AA4C62DE1CA2A00A813BE /* Build configuration list for PBXProject "HeaderCollapse" */;
			developmentRegion = en;
			hasScannedForEncodings = 0;
			knownRegions = (
				en,
				Base,
			);
			mainGroup = 0F2AA4C22DE1CA2A00A813BE;
			minimizedProjectReferenceProxies = 1;
			preferredProjectObjectVersion = 77;
			productRefGroup = 0F2AA4CC2DE1CA2A00A813BE /* Products */;
			projectDirPath = "";
			projectRoot = "";
			targets = (
				0F2AA4CA2DE1CA2A00A813BE /* HeaderCollapse */,
			);
		};
/* End PBXProject section */

/* Begin PBXResourcesBuildPhase section */
		0F2AA4C92DE1CA2A00A813BE /* Resources */ = {
			isa = PBXResourcesBuildPhase;
			buildActionMask = 2147483647;
			files = (
				0F2AA4E22DE1CA3400A813BE /* Preview Assets.xcassets in Resources */,
				0F37611C2DE389D800982D49 /* community-page-1.json in Resources */,
				0F37611D2DE389D800982D49 /* community-page-6.json in Resources */,
				0F37611E2DE389D800982D49 /* community-page-4.json in Resources */,
				0F37611F2DE389D800982D49 /* community-page-10.json in Resources */,
				0F3761202DE389D800982D49 /* community-page-9.json in Resources */,
				0F3761212DE389D800982D49 /* community-page-3.json in Resources */,
				0F3761222DE389D800982D49 /* community-page-2.json in Resources */,
				0F3761232DE389D800982D49 /* community-page-8.json in Resources */,
				0F3761242DE389D800982D49 /* community-page-5.json in Resources */,
				0F3761252DE389D800982D49 /* community-page-7.json in Resources */,
				0F2AA4E32DE1CA3400A813BE /* Assets.xcassets in Resources */,
			);
			runOnlyForDeploymentPostprocessing = 0;
		};
/* End PBXResourcesBuildPhase section */

/* Begin PBXSourcesBuildPhase section */
		0F2AA4C72DE1CA2A00A813BE /* Sources */ = {
			isa = PBXSourcesBuildPhase;
			buildActionMask = 2147483647;
			files = (
				0F2AA4E52DE1CA3400A813BE /* HeaderCollapseApp.swift in Sources */,
				0F2AA4F02DE1CA5A00A813BE /* FeedPostsView.swift in Sources */,
				0F2AA4F12DE1CA5A00A813BE /* CommunityTabItemView.swift in Sources */,
				0F2AA4F22DE1CA5A00A813BE /* MelpotFeedView.swift in Sources */,
				0F2AA4F32DE1CA5A00A813BE /* FeedNavigationBar.swift in Sources */,
				0F2AA4F42DE1CA5A00A813BE /* CommunityTabsView.swift in Sources */,
				0F3761102DE3871F00982D49 /* CommunityServiceProtocol.swift in Sources */,
				0F2AA4F52DE1CA5A00A813BE /* ResizableHeaderScrollView.swift in Sources */,
				0F37610E2DE32AAE00982D49 /* Community.swift in Sources */,
			);
			runOnlyForDeploymentPostprocessing = 0;
		};
/* End PBXSourcesBuildPhase section */

/* Begin XCBuildConfiguration section */
		0F2AA4D72DE1CA2B00A813BE /* Debug */ = {
			isa = XCBuildConfiguration;
			buildSettings = {
				ALWAYS_SEARCH_USER_PATHS = NO;
				ASSETCATALOG_COMPILER_GENERATE_SWIFT_ASSET_SYMBOL_EXTENSIONS = YES;
				CLANG_ANALYZER_NONNULL = YES;
				CLANG_ANALYZER_NUMBER_OBJECT_CONVERSION = YES_AGGRESSIVE;
				CLANG_CXX_LANGUAGE_STANDARD = "gnu++20";
				CLANG_ENABLE_MODULES = YES;
				CLANG_ENABLE_OBJC_ARC = YES;
				CLANG_ENABLE_OBJC_WEAK = YES;
				CLANG_WARN_BLOCK_CAPTURE_AUTORELEASING = YES;
				CLANG_WARN_BOOL_CONVERSION = YES;
				CLANG_WARN_COMMA = YES;
				CLANG_WARN_CONSTANT_CONVERSION = YES;
				CLANG_WARN_DEPRECATED_OBJC_IMPLEMENTATIONS = YES;
				CLANG_WARN_DIRECT_OBJC_ISA_USAGE = YES_ERROR;
				CLANG_WARN_DOCUMENTATION_COMMENTS = YES;
				CLANG_WARN_EMPTY_BODY = YES;
				CLANG_WARN_ENUM_CONVERSION = YES;
				CLANG_WARN_INFINITE_RECURSION = YES;
				CLANG_WARN_INT_CONVERSION = YES;
				CLANG_WARN_NON_LITERAL_NULL_CONVERSION = YES;
				CLANG_WARN_OBJC_IMPLICIT_RETAIN_SELF = YES;
				CLANG_WARN_OBJC_LITERAL_CONVERSION = YES;
				CLANG_WARN_OBJC_ROOT_CLASS = YES_ERROR;
				CLANG_WARN_QUOTED_INCLUDE_IN_FRAMEWORK_HEADER = YES;
				CLANG_WARN_RANGE_LOOP_ANALYSIS = YES;
				CLANG_WARN_STRICT_PROTOTYPES = YES;
				CLANG_WARN_SUSPICIOUS_MOVE = YES;
				CLANG_WARN_UNGUARDED_AVAILABILITY = YES_AGGRESSIVE;
				CLANG_WARN_UNREACHABLE_CODE = YES;
				CLANG_WARN__DUPLICATE_METHOD_MATCH = YES;
				COPY_PHASE_STRIP = NO;
				DEBUG_INFORMATION_FORMAT = dwarf;
				ENABLE_STRICT_OBJC_MSGSEND = YES;
				ENABLE_TESTABILITY = YES;
				ENABLE_USER_SCRIPT_SANDBOXING = YES;
				GCC_C_LANGUAGE_STANDARD = gnu17;
				GCC_DYNAMIC_NO_PIC = NO;
				GCC_NO_COMMON_BLOCKS = YES;
				GCC_OPTIMIZATION_LEVEL = 0;
				GCC_PREPROCESSOR_DEFINITIONS = (
					"DEBUG=1",
					"$(inherited)",
				);
				GCC_WARN_64_TO_32_BIT_CONVERSION = YES;
				GCC_WARN_ABOUT_RETURN_TYPE = YES_ERROR;
				GCC_WARN_UNDECLARED_SELECTOR = YES;
				GCC_WARN_UNINITIALIZED_AUTOS = YES_AGGRESSIVE;
				GCC_WARN_UNUSED_FUNCTION = YES;
				GCC_WARN_UNUSED_VARIABLE = YES;
				IPHONEOS_DEPLOYMENT_TARGET = 18.1;
				LOCALIZATION_PREFERS_STRING_CATALOGS = YES;
				MTL_ENABLE_DEBUG_INFO = INCLUDE_SOURCE;
				MTL_FAST_MATH = YES;
				ONLY_ACTIVE_ARCH = YES;
				SDKROOT = iphoneos;
				SWIFT_ACTIVE_COMPILATION_CONDITIONS = "DEBUG $(inherited)";
				SWIFT_OPTIMIZATION_LEVEL = "-Onone";
			};
			name = Debug;
		};
		0F2AA4D82DE1CA2B00A813BE /* Release */ = {
			isa = XCBuildConfiguration;
			buildSettings = {
				ALWAYS_SEARCH_USER_PATHS = NO;
				ASSETCATALOG_COMPILER_GENERATE_SWIFT_ASSET_SYMBOL_EXTENSIONS = YES;
				CLANG_ANALYZER_NONNULL = YES;
				CLANG_ANALYZER_NUMBER_OBJECT_CONVERSION = YES_AGGRESSIVE;
				CLANG_CXX_LANGUAGE_STANDARD = "gnu++20";
				CLANG_ENABLE_MODULES = YES;
				CLANG_ENABLE_OBJC_ARC = YES;
				CLANG_ENABLE_OBJC_WEAK = YES;
				CLANG_WARN_BLOCK_CAPTURE_AUTORELEASING = YES;
				CLANG_WARN_BOOL_CONVERSION = YES;
				CLANG_WARN_COMMA = YES;
				CLANG_WARN_CONSTANT_CONVERSION = YES;
				CLANG_WARN_DEPRECATED_OBJC_IMPLEMENTATIONS = YES;
				CLANG_WARN_DIRECT_OBJC_ISA_USAGE = YES_ERROR;
				CLANG_WARN_DOCUMENTATION_COMMENTS = YES;
				CLANG_WARN_EMPTY_BODY = YES;
				CLANG_WARN_ENUM_CONVERSION = YES;
				CLANG_WARN_INFINITE_RECURSION = YES;
				CLANG_WARN_INT_CONVERSION = YES;
				CLANG_WARN_NON_LITERAL_NULL_CONVERSION = YES;
				CLANG_WARN_OBJC_IMPLICIT_RETAIN_SELF = YES;
				CLANG_WARN_OBJC_LITERAL_CONVERSION = YES;
				CLANG_WARN_OBJC_ROOT_CLASS = YES_ERROR;
				CLANG_WARN_QUOTED_INCLUDE_IN_FRAMEWORK_HEADER = YES;
				CLANG_WARN_RANGE_LOOP_ANALYSIS = YES;
				CLANG_WARN_STRICT_PROTOTYPES = YES;
				CLANG_WARN_SUSPICIOUS_MOVE = YES;
				CLANG_WARN_UNGUARDED_AVAILABILITY = YES_AGGRESSIVE;
				CLANG_WARN_UNREACHABLE_CODE = YES;
				CLANG_WARN__DUPLICATE_METHOD_MATCH = YES;
				COPY_PHASE_STRIP = NO;
				DEBUG_INFORMATION_FORMAT = "dwarf-with-dsym";
				ENABLE_NS_ASSERTIONS = NO;
				ENABLE_STRICT_OBJC_MSGSEND = YES;
				ENABLE_USER_SCRIPT_SANDBOXING = YES;
				GCC_C_LANGUAGE_STANDARD = gnu17;
				GCC_NO_COMMON_BLOCKS = YES;
				GCC_WARN_64_TO_32_BIT_CONVERSION = YES;
				GCC_WARN_ABOUT_RETURN_TYPE = YES_ERROR;
				GCC_WARN_UNDECLARED_SELECTOR = YES;
				GCC_WARN_UNINITIALIZED_AUTOS = YES_AGGRESSIVE;
				GCC_WARN_UNUSED_FUNCTION = YES;
				GCC_WARN_UNUSED_VARIABLE = YES;
				IPHONEOS_DEPLOYMENT_TARGET = 18.1;
				LOCALIZATION_PREFERS_STRING_CATALOGS = YES;
				MTL_ENABLE_DEBUG_INFO = NO;
				MTL_FAST_MATH = YES;
				SDKROOT = iphoneos;
				SWIFT_COMPILATION_MODE = wholemodule;
				VALIDATE_PRODUCT = YES;
			};
			name = Release;
		};
		0F2AA4DA2DE1CA2B00A813BE /* Debug */ = {
			isa = XCBuildConfiguration;
			buildSettings = {
				ASSETCATALOG_COMPILER_APPICON_NAME = AppIcon;
				ASSETCATALOG_COMPILER_GLOBAL_ACCENT_COLOR_NAME = AccentColor;
				CODE_SIGN_STYLE = Automatic;
				CURRENT_PROJECT_VERSION = 1;
				DEVELOPMENT_ASSET_PATHS = "\"HeaderCollapse/Preview Content\"";
				DEVELOPMENT_TEAM = HD6L96RXMR;
				ENABLE_PREVIEWS = YES;
				GENERATE_INFOPLIST_FILE = YES;
				INFOPLIST_KEY_UIApplicationSceneManifest_Generation = YES;
				INFOPLIST_KEY_UIApplicationSupportsIndirectInputEvents = YES;
				INFOPLIST_KEY_UILaunchScreen_Generation = YES;
				INFOPLIST_KEY_UISupportedInterfaceOrientations_iPad = "UIInterfaceOrientationPortrait UIInterfaceOrientationPortraitUpsideDown UIInterfaceOrientationLandscapeLeft UIInterfaceOrientationLandscapeRight";
				INFOPLIST_KEY_UISupportedInterfaceOrientations_iPhone = "UIInterfaceOrientationPortrait UIInterfaceOrientationLandscapeLeft UIInterfaceOrientationLandscapeRight";
				LD_RUNPATH_SEARCH_PATHS = (
					"$(inherited)",
					"@executable_path/Frameworks",
				);
				MARKETING_VERSION = 1.0;
				PRODUCT_BUNDLE_IDENTIFIER = com.demo.HeaderCollapse;
				PRODUCT_NAME = "$(TARGET_NAME)";
				SWIFT_EMIT_LOC_STRINGS = YES;
				SWIFT_VERSION = 5.0;
				TARGETED_DEVICE_FAMILY = "1,2";
			};
			name = Debug;
		};
		0F2AA4DB2DE1CA2B00A813BE /* Release */ = {
			isa = XCBuildConfiguration;
			buildSettings = {
				ASSETCATALOG_COMPILER_APPICON_NAME = AppIcon;
				ASSETCATALOG_COMPILER_GLOBAL_ACCENT_COLOR_NAME = AccentColor;
				CODE_SIGN_STYLE = Automatic;
				CURRENT_PROJECT_VERSION = 1;
				DEVELOPMENT_ASSET_PATHS = "\"HeaderCollapse/Preview Content\"";
				DEVELOPMENT_TEAM = HD6L96RXMR;
				ENABLE_PREVIEWS = YES;
				GENERATE_INFOPLIST_FILE = YES;
				INFOPLIST_KEY_UIApplicationSceneManifest_Generation = YES;
				INFOPLIST_KEY_UIApplicationSupportsIndirectInputEvents = YES;
				INFOPLIST_KEY_UILaunchScreen_Generation = YES;
				INFOPLIST_KEY_UISupportedInterfaceOrientations_iPad = "UIInterfaceOrientationPortrait UIInterfaceOrientationPortraitUpsideDown UIInterfaceOrientationLandscapeLeft UIInterfaceOrientationLandscapeRight";
				INFOPLIST_KEY_UISupportedInterfaceOrientations_iPhone = "UIInterfaceOrientationPortrait UIInterfaceOrientationLandscapeLeft UIInterfaceOrientationLandscapeRight";
				LD_RUNPATH_SEARCH_PATHS = (
					"$(inherited)",
					"@executable_path/Frameworks",
				);
				MARKETING_VERSION = 1.0;
				PRODUCT_BUNDLE_IDENTIFIER = com.demo.HeaderCollapse;
				PRODUCT_NAME = "$(TARGET_NAME)";
				SWIFT_EMIT_LOC_STRINGS = YES;
				SWIFT_VERSION = 5.0;
				TARGETED_DEVICE_FAMILY = "1,2";
			};
			name = Release;
		};
/* End XCBuildConfiguration section */

/* Begin XCConfigurationList section */
		0F2AA4C62DE1CA2A00A813BE /* Build configuration list for PBXProject "HeaderCollapse" */ = {
			isa = XCConfigurationList;
			buildConfigurations = (
				0F2AA4D72DE1CA2B00A813BE /* Debug */,
				0F2AA4D82DE1CA2B00A813BE /* Release */,
			);
			defaultConfigurationIsVisible = 0;
			defaultConfigurationName = Release;
		};
		0F2AA4D92DE1CA2B00A813BE /* Build configuration list for PBXNativeTarget "HeaderCollapse" */ = {
			isa = XCConfigurationList;
			buildConfigurations = (
				0F2AA4DA2DE1CA2B00A813BE /* Debug */,
				0F2AA4DB2DE1CA2B00A813BE /* Release */,
			);
			defaultConfigurationIsVisible = 0;
			defaultConfigurationName = Release;
		};
/* End XCConfigurationList section */
	};
	rootObject = 0F2AA4C32DE1CA2A00A813BE /* Project object */;
}
